
Microsoft Visual Studio Solution File, Format Version 12.00
# Visual Studio Version 17
VisualStudioVersion = 17.3.32811.315
MinimumVisualStudioVersion = 10.0.40219.1
Project("{FAE04EC0-301F-11D3-BF4B-00C04F79EFBC}") = "MistelteinnDirectoryProject", "MistelteinnDirectoryProject\MistelteinnDirectoryProject.csproj", "{D4A6EF47-B938-4FED-8EAB-D125157BE8EC}"
EndProject
Global
	GlobalSection(SolutionConfigurationPlatforms) = preSolution
		Debug|Any CPU = Debug|Any CPU
		Release|Any CPU = Release|Any CPU
	EndGlobalSection
	GlobalSection(ProjectConfigurationPlatforms) = postSolution
		{D4A6EF47-B938-4FED-8EAB-D125157BE8EC}.Debug|Any CPU.ActiveCfg = Debug|Any CPU
		{D4A6EF47-B938-4FED-8EAB-D125157BE8EC}.Debug|Any CPU.Build.0 = Debug|Any CPU
		{D4A6EF47-B938-4FED-8EAB-D125157BE8EC}.Release|Any CPU.ActiveCfg = Release|Any CPU
		{D4A6EF47-B938-4FED-8EAB-D125157BE8EC}.Release|Any CPU.Build.0 = Release|Any CPU
	EndGlobalSection
	GlobalSection(SolutionProperties) = preSolution
		HideSolutionNode = FALSE
	EndGlobalSection
	GlobalSection(ExtensibilityGlobals) = postSolution
		SolutionGuid = {428BBCEC-1745-489B-B145-86B433EF1E70}
	EndGlobalSection
EndGlobal
